// !$*UTF8*$!
{
	archiveVersion = 1;
	classes = {
	};
	objectVersion = 56;
	objects = {

/* Begin PBXBuildFile section */
		3C6F3E9E2C06B1B600780F8F /* AppDelegate.swift in Sources */ = {isa = PBXBuildFile; fileRef = 3C6F3E9D2C06B1B600780F8F /* AppDelegate.swift */; };
		3C6F3EA02C06B1B600780F8F /* SceneDelegate.swift in Sources */ = {isa = PBXBuildFile; fileRef = 3C6F3E9F2C06B1B600780F8F /* SceneDelegate.swift */; };
		3C6F3EA22C06B1B600780F8F /* ViewController.swift in Sources */ = {isa = PBXBuildFile; fileRef = 3C6F3EA12C06B1B600780F8F /* ViewController.swift */; };
		3C6F3EA52C06B1B600780F8F /* Main.storyboard in Resources */ = {isa = PBXBuildFile; fileRef = 3C6F3EA32C06B1B600780F8F /* Main.storyboard */; };
		3C6F3EA72C06B1B800780F8F /* Assets.xcassets in Resources */ = {isa = PBXBuildFile; fileRef = 3C6F3EA62C06B1B800780F8F /* Assets.xcassets */; };
		3C6F3EAA2C06B1B800780F8F /* LaunchScreen.storyboard in Resources */ = {isa = PBXBuildFile; fileRef = 3C6F3EA82C06B1B800780F8F /* LaunchScreen.storyboard */; };
		3C6F3ECF2C06DD8C00780F8F /* LatestViewController.swift in Sources */ = {isa = PBXBuildFile; fileRef = 3C6F3ECE2C06DD8C00780F8F /* LatestViewController.swift */; };
		3C6F3ED12C06DD9100780F8F /* LatestViewController.storyboard in Resources */ = {isa = PBXBuildFile; fileRef = 3C6F3ED02C06DD9100780F8F /* LatestViewController.storyboard */; };
		3C6F3ED32C06DD9C00780F8F /* ProgramViewController.swift in Sources */ = {isa = PBXBuildFile; fileRef = 3C6F3ED22C06DD9C00780F8F /* ProgramViewController.swift */; };
		3C6F3ED52C06DDA100780F8F /* ProgramViewController.storyboard in Resources */ = {isa = PBXBuildFile; fileRef = 3C6F3ED42C06DDA100780F8F /* ProgramViewController.storyboard */; };
		3C6F3ED72C06DDAF00780F8F /* DownloadViewController.swift in Sources */ = {isa = PBXBuildFile; fileRef = 3C6F3ED62C06DDAF00780F8F /* DownloadViewController.swift */; };
		3C6F3ED92C06DDB400780F8F /* DownloadViewController.storyboard in Resources */ = {isa = PBXBuildFile; fileRef = 3C6F3ED82C06DDB400780F8F /* DownloadViewController.storyboard */; };
		3C6F3EDB2C06DDC100780F8F /* PlayListViewController.swift in Sources */ = {isa = PBXBuildFile; fileRef = 3C6F3EDA2C06DDC100780F8F /* PlayListViewController.swift */; };
		3C6F3EDD2C06DDC800780F8F /* PlayListViewController.storyboard in Resources */ = {isa = PBXBuildFile; fileRef = 3C6F3EDC2C06DDC800780F8F /* PlayListViewController.storyboard */; };
		3C6F3EE02C06DDE300780F8F /* UIStoryboard.swift in Sources */ = {isa = PBXBuildFile; fileRef = 3C6F3EDF2C06DDE300780F8F /* UIStoryboard.swift */; };
		3C6F3EE22C06DE7A00780F8F /* UIView.swift in Sources */ = {isa = PBXBuildFile; fileRef = 3C6F3EE12C06DE7A00780F8F /* UIView.swift */; };
		3C6F3EE52C06DF1700780F8F /* HeaderView.swift in Sources */ = {isa = PBXBuildFile; fileRef = 3C6F3EE42C06DF1700780F8F /* HeaderView.swift */; };
		3C6F3EE72C06DF1E00780F8F /* HeaderView.xib in Resources */ = {isa = PBXBuildFile; fileRef = 3C6F3EE62C06DF1E00780F8F /* HeaderView.xib */; };
/* End PBXBuildFile section */

/* Begin PBXContainerItemProxy section */
		3C6F3EB12C06B1B800780F8F /* PBXContainerItemProxy */ = {
			isa = PBXContainerItemProxy;
			containerPortal = 3C6F3E922C06B1B600780F8F /* Project object */;
			proxyType = 1;
			remoteGlobalIDString = 3C6F3E992C06B1B600780F8F;
			remoteInfo = PageViewController5;
		};
		3C6F3EBB2C06B1B800780F8F /* PBXContainerItemProxy */ = {
			isa = PBXContainerItemProxy;
			containerPortal = 3C6F3E922C06B1B600780F8F /* Project object */;
			proxyType = 1;
			remoteGlobalIDString = 3C6F3E992C06B1B600780F8F;
			remoteInfo = PageViewController5;
		};
/* End PBXContainerItemProxy section */

/* Begin PBXFileReference section */
		3C6F3E9A2C06B1B600780F8F /* PageViewController5.app */ = {isa = PBXFileReference; explicitFileType = wrapper.application; includeInIndex = 0; path = PageViewController5.app; sourceTree = BUILT_PRODUCTS_DIR; };
		3C6F3E9D2C06B1B600780F8F /* AppDelegate.swift */ = {isa = PBXFileReference; lastKnownFileType = sourcecode.swift; path = AppDelegate.swift; sourceTree = "<group>"; };
		3C6F3E9F2C06B1B600780F8F /* SceneDelegate.swift */ = {isa = PBXFileReference; lastKnownFileType = sourcecode.swift; path = SceneDelegate.swift; sourceTree = "<group>"; };
		3C6F3EA12C06B1B600780F8F /* ViewController.swift */ = {isa = PBXFileReference; lastKnownFileType = sourcecode.swift; path = ViewController.swift; sourceTree = "<group>"; };
		3C6F3EA42C06B1B600780F8F /* Base */ = {isa = PBXFileReference; lastKnownFileType = file.storyboard; name = Base; path = Base.lproj/Main.storyboard; sourceTree = "<group>"; };
		3C6F3EA62C06B1B800780F8F /* Assets.xcassets */ = {isa = PBXFileReference; lastKnownFileType = folder.assetcatalog; path = Assets.xcassets; sourceTree = "<group>"; };
		3C6F3EA92C06B1B800780F8F /* Base */ = {isa = PBXFileReference; lastKnownFileType = file.storyboard; name = Base; path = Base.lproj/LaunchScreen.storyboard; sourceTree = "<group>"; };
		3C6F3EAB2C06B1B800780F8F /* Info.plist */ = {isa = PBXFileReference; lastKnownFileType = text.plist.xml; path = Info.plist; sourceTree = "<group>"; };
		3C6F3EB02C06B1B800780F8F /* PageViewController5Tests.xctest */ = {isa = PBXFileReference; explicitFileType = wrapper.cfbundle; includeInIndex = 0; path = PageViewController5Tests.xctest; sourceTree = BUILT_PRODUCTS_DIR; };
		3C6F3EBA2C06B1B800780F8F /* PageViewController5UITests.xctest */ = {isa = PBXFileReference; explicitFileType = wrapper.cfbundle; includeInIndex = 0; path = PageViewController5UITests.xctest; sourceTree = BUILT_PRODUCTS_DIR; };
		3C6F3ECE2C06DD8C00780F8F /* LatestViewController.swift */ = {isa = PBXFileReference; lastKnownFileType = sourcecode.swift; path = LatestViewController.swift; sourceTree = "<group>"; };
		3C6F3ED02C06DD9100780F8F /* LatestViewController.storyboard */ = {isa = PBXFileReference; lastKnownFileType = file.storyboard; path = LatestViewController.storyboard; sourceTree = "<group>"; };
		3C6F3ED22C06DD9C00780F8F /* ProgramViewController.swift */ = {isa = PBXFileReference; lastKnownFileType = sourcecode.swift; path = ProgramViewController.swift; sourceTree = "<group>"; };
		3C6F3ED42C06DDA100780F8F /* ProgramViewController.storyboard */ = {isa = PBXFileReference; lastKnownFileType = file.storyboard; path = ProgramViewController.storyboard; sourceTree = "<group>"; };
		3C6F3ED62C06DDAF00780F8F /* DownloadViewController.swift */ = {isa = PBXFileReference; lastKnownFileType = sourcecode.swift; path = DownloadViewController.swift; sourceTree = "<group>"; };
		3C6F3ED82C06DDB400780F8F /* DownloadViewController.storyboard */ = {isa = PBXFileReference; lastKnownFileType = file.storyboard; path = DownloadViewController.storyboard; sourceTree = "<group>"; };
		3C6F3EDA2C06DDC100780F8F /* PlayListViewController.swift */ = {isa = PBXFileReference; lastKnownFileType = sourcecode.swift; path = PlayListViewController.swift; sourceTree = "<group>"; };
		3C6F3EDC2C06DDC800780F8F /* PlayListViewController.storyboard */ = {isa = PBXFileReference; lastKnownFileType = file.storyboard; path = PlayListViewController.storyboard; sourceTree = "<group>"; };
		3C6F3EDF2C06DDE300780F8F /* UIStoryboard.swift */ = {isa = PBXFileReference; lastKnownFileType = sourcecode.swift; path = UIStoryboard.swift; sourceTree = "<group>"; };
		3C6F3EE12C06DE7A00780F8F /* UIView.swift */ = {isa = PBXFileReference; lastKnownFileType = sourcecode.swift; path = UIView.swift; sourceTree = "<group>"; };
		3C6F3EE42C06DF1700780F8F /* HeaderView.swift */ = {isa = PBXFileReference; lastKnownFileType = sourcecode.swift; path = HeaderView.swift; sourceTree = "<group>"; };
		3C6F3EE62C06DF1E00780F8F /* HeaderView.xib */ = {isa = PBXFileReference; lastKnownFileType = file.xib; path = HeaderView.xib; sourceTree = "<group>"; };
/* End PBXFileReference section */

/* Begin PBXFrameworksBuildPhase section */
		3C6F3E972C06B1B600780F8F /* Frameworks */ = {
			isa = PBXFrameworksBuildPhase;
			buildActionMask = 2147483647;
			files = (
			);
			runOnlyForDeploymentPostprocessing = 0;
		};
		3C6F3EAD2C06B1B800780F8F /* Frameworks */ = {
			isa = PBXFrameworksBuildPhase;
			buildActionMask = 2147483647;
			files = (
			);
			runOnlyForDeploymentPostprocessing = 0;
		};
		3C6F3EB72C06B1B800780F8F /* Frameworks */ = {
			isa = PBXFrameworksBuildPhase;
			buildActionMask = 2147483647;
			files = (
			);
			runOnlyForDeploymentPostprocessing = 0;
		};
/* End PBXFrameworksBuildPhase section */

/* Begin PBXGroup section */
		3C6F3E912C06B1B600780F8F = {
			isa = PBXGroup;
			children = (
				3C6F3E9C2C06B1B600780F8F /* PageViewController5 */,
				3C6F3E9B2C06B1B600780F8F /* Products */,
			);
			sourceTree = "<group>";
		};
		3C6F3E9B2C06B1B600780F8F /* Products */ = {
			isa = PBXGroup;
			children = (
				3C6F3E9A2C06B1B600780F8F /* PageViewController5.app */,
				3C6F3EB02C06B1B800780F8F /* PageViewController5Tests.xctest */,
				3C6F3EBA2C06B1B800780F8F /* PageViewController5UITests.xctest */,
			);
			name = Products;
			sourceTree = "<group>";
		};
		3C6F3E9C2C06B1B600780F8F /* PageViewController5 */ = {
			isa = PBXGroup;
			children = (
				3C6F3E9D2C06B1B600780F8F /* AppDelegate.swift */,
				3C6F3E9F2C06B1B600780F8F /* SceneDelegate.swift */,
				3C6F3EE32C06DF0100780F8F /* views */,
				3C6F3EDE2C06DDD100780F8F /* extensions */,
				3C6F3ECD2C06B4D200780F8F /* viewControllers */,
				3C6F3EA62C06B1B800780F8F /* Assets.xcassets */,
				3C6F3EA82C06B1B800780F8F /* LaunchScreen.storyboard */,
				3C6F3EAB2C06B1B800780F8F /* Info.plist */,
			);
			path = PageViewController5;
			sourceTree = "<group>";
		};
		3C6F3ECD2C06B4D200780F8F /* viewControllers */ = {
			isa = PBXGroup;
			children = (
				3C6F3EA12C06B1B600780F8F /* ViewController.swift */,
				3C6F3EA32C06B1B600780F8F /* Main.storyboard */,
				3C6F3ECE2C06DD8C00780F8F /* LatestViewController.swift */,
				3C6F3ED02C06DD9100780F8F /* LatestViewController.storyboard */,
				3C6F3ED22C06DD9C00780F8F /* ProgramViewController.swift */,
				3C6F3ED42C06DDA100780F8F /* ProgramViewController.storyboard */,
				3C6F3ED62C06DDAF00780F8F /* DownloadViewController.swift */,
				3C6F3ED82C06DDB400780F8F /* DownloadViewController.storyboard */,
				3C6F3EDA2C06DDC100780F8F /* PlayListViewController.swift */,
				3C6F3EDC2C06DDC800780F8F /* PlayListViewController.storyboard */,
			);
			path = viewControllers;
			sourceTree = "<group>";
		};
		3C6F3EDE2C06DDD100780F8F /* extensions */ = {
			isa = PBXGroup;
			children = (
				3C6F3EDF2C06DDE300780F8F /* UIStoryboard.swift */,
				3C6F3EE12C06DE7A00780F8F /* UIView.swift */,
			);
			path = extensions;
			sourceTree = "<group>";
		};
		3C6F3EE32C06DF0100780F8F /* views */ = {
			isa = PBXGroup;
			children = (
				3C6F3EE42C06DF1700780F8F /* HeaderView.swift */,
				3C6F3EE62C06DF1E00780F8F /* HeaderView.xib */,
			);
			path = views;
			sourceTree = "<group>";
		};
/* End PBXGroup section */

/* Begin PBXNativeTarget section */
		3C6F3E992C06B1B600780F8F /* PageViewController5 */ = {
			isa = PBXNativeTarget;
			buildConfigurationList = 3C6F3EC42C06B1B800780F8F /* Build configuration list for PBXNativeTarget "PageViewController5" */;
			buildPhases = (
				3C6F3E962C06B1B600780F8F /* Sources */,
				3C6F3E972C06B1B600780F8F /* Frameworks */,
				3C6F3E982C06B1B600780F8F /* Resources */,
			);
			buildRules = (
			);
			dependencies = (
			);
			name = PageViewController5;
			productName = PageViewController5;
			productReference = 3C6F3E9A2C06B1B600780F8F /* PageViewController5.app */;
			productType = "com.apple.product-type.application";
		};
		3C6F3EAF2C06B1B800780F8F /* PageViewController5Tests */ = {
			isa = PBXNativeTarget;
			buildConfigurationList = 3C6F3EC72C06B1B800780F8F /* Build configuration list for PBXNativeTarget "PageViewController5Tests" */;
			buildPhases = (
				3C6F3EAC2C06B1B800780F8F /* Sources */,
				3C6F3EAD2C06B1B800780F8F /* Frameworks */,
				3C6F3EAE2C06B1B800780F8F /* Resources */,
			);
			buildRules = (
			);
			dependencies = (
				3C6F3EB22C06B1B800780F8F /* PBXTargetDependency */,
			);
			name = PageViewController5Tests;
			productName = PageViewController5Tests;
			productReference = 3C6F3EB02C06B1B800780F8F /* PageViewController5Tests.xctest */;
			productType = "com.apple.product-type.bundle.unit-test";
		};
		3C6F3EB92C06B1B800780F8F /* PageViewController5UITests */ = {
			isa = PBXNativeTarget;
			buildConfigurationList = 3C6F3ECA2C06B1B800780F8F /* Build configuration list for PBXNativeTarget "PageViewController5UITests" */;
			buildPhases = (
				3C6F3EB62C06B1B800780F8F /* Sources */,
				3C6F3EB72C06B1B800780F8F /* Frameworks */,
				3C6F3EB82C06B1B800780F8F /* Resources */,
			);
			buildRules = (
			);
			dependencies = (
				3C6F3EBC2C06B1B800780F8F /* PBXTargetDependency */,
			);
			name = PageViewController5UITests;
			productName = PageViewController5UITests;
			productReference = 3C6F3EBA2C06B1B800780F8F /* PageViewController5UITests.xctest */;
			productType = "com.apple.product-type.bundle.ui-testing";
		};
/* End PBXNativeTarget section */

/* Begin PBXProject section */
		3C6F3E922C06B1B600780F8F /* Project object */ = {
			isa = PBXProject;
			attributes = {
				BuildIndependentTargetsInParallel = 1;
				LastSwiftUpdateCheck = 1520;
				LastUpgradeCheck = 1520;
				TargetAttributes = {
					3C6F3E992C06B1B600780F8F = {
						CreatedOnToolsVersion = 15.2;
					};
					3C6F3EAF2C06B1B800780F8F = {
						CreatedOnToolsVersion = 15.2;
						TestTargetID = 3C6F3E992C06B1B600780F8F;
					};
					3C6F3EB92C06B1B800780F8F = {
						CreatedOnToolsVersion = 15.2;
						TestTargetID = 3C6F3E992C06B1B600780F8F;
					};
				};
			};
			buildConfigurationList = 3C6F3E952C06B1B600780F8F /* Build configuration list for PBXProject "PageViewController5" */;
			compatibilityVersion = "Xcode 14.0";
			developmentRegion = en;
			hasScannedForEncodings = 0;
			knownRegions = (
				en,
				Base,
			);
			mainGroup = 3C6F3E912C06B1B600780F8F;
			productRefGroup = 3C6F3E9B2C06B1B600780F8F /* Products */;
			projectDirPath = "";
			projectRoot = "";
			targets = (
				3C6F3E992C06B1B600780F8F /* PageViewController5 */,
				3C6F3EAF2C06B1B800780F8F /* PageViewController5Tests */,
				3C6F3EB92C06B1B800780F8F /* PageViewController5UITests */,
			);
		};
/* End PBXProject section */

/* Begin PBXResourcesBuildPhase section */
		3C6F3E982C06B1B600780F8F /* Resources */ = {
			isa = PBXResourcesBuildPhase;
			buildActionMask = 2147483647;
			files = (
				3C6F3ED52C06DDA100780F8F /* ProgramViewController.storyboard in Resources */,
				3C6F3EAA2C06B1B800780F8F /* LaunchScreen.storyboard in Resources */,
				3C6F3EA72C06B1B800780F8F /* Assets.xcassets in Resources */,
				3C6F3EE72C06DF1E00780F8F /* HeaderView.xib in Resources */,
				3C6F3ED92C06DDB400780F8F /* DownloadViewController.storyboard in Resources */,
				3C6F3EDD2C06DDC800780F8F /* PlayListViewController.storyboard in Resources */,
				3C6F3ED12C06DD9100780F8F /* LatestViewController.storyboard in Resources */,
				3C6F3EA52C06B1B600780F8F /* Main.storyboard in Resources */,
			);
			runOnlyForDeploymentPostprocessing = 0;
		};
		3C6F3EAE2C06B1B800780F8F /* Resources */ = {
			isa = PBXResourcesBuildPhase;
			buildActionMask = 2147483647;
			files = (
			);
			runOnlyForDeploymentPostprocessing = 0;
		};
		3C6F3EB82C06B1B800780F8F /* Resources */ = {
			isa = PBXResourcesBuildPhase;
			buildActionMask = 2147483647;
			files = (
			);
			runOnlyForDeploymentPostprocessing = 0;
		};
/* End PBXResourcesBuildPhase section */

/* Begin PBXSourcesBuildPhase section */
		3C6F3E962C06B1B600780F8F /* Sources */ = {
			isa = PBXSourcesBuildPhase;
			buildActionMask = 2147483647;
			files = (
				3C6F3EDB2C06DDC100780F8F /* PlayListViewController.swift in Sources */,
				3C6F3EA22C06B1B600780F8F /* ViewController.swift in Sources */,
				3C6F3ECF2C06DD8C00780F8F /* LatestViewController.swift in Sources */,
				3C6F3ED32C06DD9C00780F8F /* ProgramViewController.swift in Sources */,
				3C6F3EE02C06DDE300780F8F /* UIStoryboard.swift in Sources */,
				3C6F3EE52C06DF1700780F8F /* HeaderView.swift in Sources */,
				3C6F3E9E2C06B1B600780F8F /* AppDelegate.swift in Sources */,
				3C6F3ED72C06DDAF00780F8F /* DownloadViewController.swift in Sources */,
				3C6F3EE22C06DE7A00780F8F /* UIView.swift in Sources */,
				3C6F3EA02C06B1B600780F8F /* SceneDelegate.swift in Sources */,
			);
			runOnlyForDeploymentPostprocessing = 0;
		};
		3C6F3EAC2C06B1B800780F8F /* Sources */ = {
			isa = PBXSourcesBuildPhase;
			buildActionMask = 2147483647;
			files = (
			);
			runOnlyForDeploymentPostprocessing = 0;
		};
		3C6F3EB62C06B1B800780F8F /* Sources */ = {
			isa = PBXSourcesBuildPhase;
			buildActionMask = 2147483647;
			files = (
			);
			runOnlyForDeploymentPostprocessing = 0;
		};
/* End PBXSourcesBuildPhase section */

/* Begin PBXTargetDependency section */
		3C6F3EB22C06B1B800780F8F /* PBXTargetDependency */ = {
			isa = PBXTargetDependency;
			target = 3C6F3E992C06B1B600780F8F /* PageViewController5 */;
			targetProxy = 3C6F3EB12C06B1B800780F8F /* PBXContainerItemProxy */;
		};
		3C6F3EBC2C06B1B800780F8F /* PBXTargetDependency */ = {
			isa = PBXTargetDependency;
			target = 3C6F3E992C06B1B600780F8F /* PageViewController5 */;
			targetProxy = 3C6F3EBB2C06B1B800780F8F /* PBXContainerItemProxy */;
		};
/* End PBXTargetDependency section */

/* Begin PBXVariantGroup section */
		3C6F3EA32C06B1B600780F8F /* Main.storyboard */ = {
			isa = PBXVariantGroup;
			children = (
				3C6F3EA42C06B1B600780F8F /* Base */,
			);
			name = Main.storyboard;
			sourceTree = "<group>";
		};
		3C6F3EA82C06B1B800780F8F /* LaunchScreen.storyboard */ = {
			isa = PBXVariantGroup;
			children = (
				3C6F3EA92C06B1B800780F8F /* Base */,
			);
			name = LaunchScreen.storyboard;
			sourceTree = "<group>";
		};
/* End PBXVariantGroup section */

/* Begin XCBuildConfiguration section */
		3C6F3EC22C06B1B800780F8F /* Debug */ = {
			isa = XCBuildConfiguration;
			buildSettings = {
				ALWAYS_SEARCH_USER_PATHS = NO;
				ASSETCATALOG_COMPILER_GENERATE_SWIFT_ASSET_SYMBOL_EXTENSIONS = YES;
				CLANG_ANALYZER_NONNULL = YES;
				CLANG_ANALYZER_NUMBER_OBJECT_CONVERSION = YES_AGGRESSIVE;
				CLANG_CXX_LANGUAGE_STANDARD = "gnu++20";
				CLANG_ENABLE_MODULES = YES;
				CLANG_ENABLE_OBJC_ARC = YES;
				CLANG_ENABLE_OBJC_WEAK = YES;
				CLANG_WARN_BLOCK_CAPTURE_AUTORELEASING = YES;
				CLANG_WARN_BOOL_CONVERSION = YES;
				CLANG_WARN_COMMA = YES;
				CLANG_WARN_CONSTANT_CONVERSION = YES;
				CLANG_WARN_DEPRECATED_OBJC_IMPLEMENTATIONS = YES;
				CLANG_WARN_DIRECT_OBJC_ISA_USAGE = YES_ERROR;
				CLANG_WARN_DOCUMENTATION_COMMENTS = YES;
				CLANG_WARN_EMPTY_BODY = YES;
				CLANG_WARN_ENUM_CONVERSION = YES;
				CLANG_WARN_INFINITE_RECURSION = YES;
				CLANG_WARN_INT_CONVERSION = YES;
				CLANG_WARN_NON_LITERAL_NULL_CONVERSION = YES;
				CLANG_WARN_OBJC_IMPLICIT_RETAIN_SELF = YES;
				CLANG_WARN_OBJC_LITERAL_CONVERSION = YES;
				CLANG_WARN_OBJC_ROOT_CLASS = YES_ERROR;
				CLANG_WARN_QUOTED_INCLUDE_IN_FRAMEWORK_HEADER = YES;
				CLANG_WARN_RANGE_LOOP_ANALYSIS = YES;
				CLANG_WARN_STRICT_PROTOTYPES = YES;
				CLANG_WARN_SUSPICIOUS_MOVE = YES;
				CLANG_WARN_UNGUARDED_AVAILABILITY = YES_AGGRESSIVE;
				CLANG_WARN_UNREACHABLE_CODE = YES;
				CLANG_WARN__DUPLICATE_METHOD_MATCH = YES;
				COPY_PHASE_STRIP = NO;
				DEBUG_INFORMATION_FORMAT = dwarf;
				ENABLE_STRICT_OBJC_MSGSEND = YES;
				ENABLE_TESTABILITY = YES;
				ENABLE_USER_SCRIPT_SANDBOXING = YES;
				GCC_C_LANGUAGE_STANDARD = gnu17;
				GCC_DYNAMIC_NO_PIC = NO;
				GCC_NO_COMMON_BLOCKS = YES;
				GCC_OPTIMIZATION_LEVEL = 0;
				GCC_PREPROCESSOR_DEFINITIONS = (
					"DEBUG=1",
					"$(inherited)",
				);
				GCC_WARN_64_TO_32_BIT_CONVERSION = YES;
				GCC_WARN_ABOUT_RETURN_TYPE = YES_ERROR;
				GCC_WARN_UNDECLARED_SELECTOR = YES;
				GCC_WARN_UNINITIALIZED_AUTOS = YES_AGGRESSIVE;
				GCC_WARN_UNUSED_FUNCTION = YES;
				GCC_WARN_UNUSED_VARIABLE = YES;
				IPHONEOS_DEPLOYMENT_TARGET = 17.2;
				LOCALIZATION_PREFERS_STRING_CATALOGS = YES;
				MTL_ENABLE_DEBUG_INFO = INCLUDE_SOURCE;
				MTL_FAST_MATH = YES;
				ONLY_ACTIVE_ARCH = YES;
				SDKROOT = iphoneos;
				SWIFT_ACTIVE_COMPILATION_CONDITIONS = "DEBUG $(inherited)";
				SWIFT_OPTIMIZATION_LEVEL = "-Onone";
			};
			name = Debug;
		};
		3C6F3EC32C06B1B800780F8F /* Release */ = {
			isa = XCBuildConfiguration;
			buildSettings = {
				ALWAYS_SEARCH_USER_PATHS = NO;
				ASSETCATALOG_COMPILER_GENERATE_SWIFT_ASSET_SYMBOL_EXTENSIONS = YES;
				CLANG_ANALYZER_NONNULL = YES;
				CLANG_ANALYZER_NUMBER_OBJECT_CONVERSION = YES_AGGRESSIVE;
				CLANG_CXX_LANGUAGE_STANDARD = "gnu++20";
				CLANG_ENABLE_MODULES = YES;
				CLANG_ENABLE_OBJC_ARC = YES;
				CLANG_ENABLE_OBJC_WEAK = YES;
				CLANG_WARN_BLOCK_CAPTURE_AUTORELEASING = YES;
				CLANG_WARN_BOOL_CONVERSION = YES;
				CLANG_WARN_COMMA = YES;
				CLANG_WARN_CONSTANT_CONVERSION = YES;
				CLANG_WARN_DEPRECATED_OBJC_IMPLEMENTATIONS = YES;
				CLANG_WARN_DIRECT_OBJC_ISA_USAGE = YES_ERROR;
				CLANG_WARN_DOCUMENTATION_COMMENTS = YES;
				CLANG_WARN_EMPTY_BODY = YES;
				CLANG_WARN_ENUM_CONVERSION = YES;
				CLANG_WARN_INFINITE_RECURSION = YES;
				CLANG_WARN_INT_CONVERSION = YES;
				CLANG_WARN_NON_LITERAL_NULL_CONVERSION = YES;
				CLANG_WARN_OBJC_IMPLICIT_RETAIN_SELF = YES;
				CLANG_WARN_OBJC_LITERAL_CONVERSION = YES;
				CLANG_WARN_OBJC_ROOT_CLASS = YES_ERROR;
				CLANG_WARN_QUOTED_INCLUDE_IN_FRAMEWORK_HEADER = YES;
				CLANG_WARN_RANGE_LOOP_ANALYSIS = YES;
				CLANG_WARN_STRICT_PROTOTYPES = YES;
				CLANG_WARN_SUSPICIOUS_MOVE = YES;
				CLANG_WARN_UNGUARDED_AVAILABILITY = YES_AGGRESSIVE;
				CLANG_WARN_UNREACHABLE_CODE = YES;
				CLANG_WARN__DUPLICATE_METHOD_MATCH = YES;
				COPY_PHASE_STRIP = NO;
				DEBUG_INFORMATION_FORMAT = "dwarf-with-dsym";
				ENABLE_NS_ASSERTIONS = NO;
				ENABLE_STRICT_OBJC_MSGSEND = YES;
				ENABLE_USER_SCRIPT_SANDBOXING = YES;
				GCC_C_LANGUAGE_STANDARD = gnu17;
				GCC_NO_COMMON_BLOCKS = YES;
				GCC_WARN_64_TO_32_BIT_CONVERSION = YES;
				GCC_WARN_ABOUT_RETURN_TYPE = YES_ERROR;
				GCC_WARN_UNDECLARED_SELECTOR = YES;
				GCC_WARN_UNINITIALIZED_AUTOS = YES_AGGRESSIVE;
				GCC_WARN_UNUSED_FUNCTION = YES;
				GCC_WARN_UNUSED_VARIABLE = YES;
				IPHONEOS_DEPLOYMENT_TARGET = 17.2;
				LOCALIZATION_PREFERS_STRING_CATALOGS = YES;
				MTL_ENABLE_DEBUG_INFO = NO;
				MTL_FAST_MATH = YES;
				SDKROOT = iphoneos;
				SWIFT_COMPILATION_MODE = wholemodule;
				VALIDATE_PRODUCT = YES;
			};
			name = Release;
		};
		3C6F3EC52C06B1B800780F8F /* Debug */ = {
			isa = XCBuildConfiguration;
			buildSettings = {
				ASSETCATALOG_COMPILER_APPICON_NAME = AppIcon;
				ASSETCATALOG_COMPILER_GLOBAL_ACCENT_COLOR_NAME = AccentColor;
				CODE_SIGN_STYLE = Automatic;
				CURRENT_PROJECT_VERSION = 1;
				DEVELOPMENT_TEAM = 5BR9PKVDZT;
				GENERATE_INFOPLIST_FILE = YES;
				INFOPLIST_FILE = PageViewController5/Info.plist;
				INFOPLIST_KEY_UIApplicationSupportsIndirectInputEvents = YES;
				INFOPLIST_KEY_UILaunchStoryboardName = LaunchScreen;
				INFOPLIST_KEY_UIMainStoryboardFile = Main;
				INFOPLIST_KEY_UISupportedInterfaceOrientations_iPad = "UIInterfaceOrientationPortrait UIInterfaceOrientationPortraitUpsideDown UIInterfaceOrientationLandscapeLeft UIInterfaceOrientationLandscapeRight";
				INFOPLIST_KEY_UISupportedInterfaceOrientations_iPhone = "UIInterfaceOrientationPortrait UIInterfaceOrientationLandscapeLeft UIInterfaceOrientationLandscapeRight";
				LD_RUNPATH_SEARCH_PATHS = (
					"$(inherited)",
					"@executable_path/Frameworks",
				);
				MARKETING_VERSION = 1.0;
				PRODUCT_BUNDLE_IDENTIFIER = okue.PageViewController5;
				PRODUCT_NAME = "$(TARGET_NAME)";
				SUPPORTED_PLATFORMS = "iphoneos iphonesimulator";
				SUPPORTS_MACCATALYST = NO;
				SUPPORTS_MAC_DESIGNED_FOR_IPHONE_IPAD = NO;
				SUPPORTS_XR_DESIGNED_FOR_IPHONE_IPAD = NO;
				SWIFT_EMIT_LOC_STRINGS = YES;
				SWIFT_VERSION = 5.0;
				TARGETED_DEVICE_FAMILY = 1;
			};
			name = Debug;
		};
		3C6F3EC62C06B1B800780F8F /* Release */ = {
			isa = XCBuildConfiguration;
			buildSettings = {
				ASSETCATALOG_COMPILER_APPICON_NAME = AppIcon;
				ASSETCATALOG_COMPILER_GLOBAL_ACCENT_COLOR_NAME = AccentColor;
				CODE_SIGN_STYLE = Automatic;
				CURRENT_PROJECT_VERSION = 1;
				DEVELOPMENT_TEAM = 5BR9PKVDZT;
				GENERATE_INFOPLIST_FILE = YES;
				INFOPLIST_FILE = PageViewController5/Info.plist;
				INFOPLIST_KEY_UIApplicationSupportsIndirectInputEvents = YES;
				INFOPLIST_KEY_UILaunchStoryboardName = LaunchScreen;
				INFOPLIST_KEY_UIMainStoryboardFile = Main;
				INFOPLIST_KEY_UISupportedInterfaceOrientations_iPad = "UIInterfaceOrientationPortrait UIInterfaceOrientationPortraitUpsideDown UIInterfaceOrientationLandscapeLeft UIInterfaceOrientationLandscapeRight";
				INFOPLIST_KEY_UISupportedInterfaceOrientations_iPhone = "UIInterfaceOrientationPortrait UIInterfaceOrientationLandscapeLeft UIInterfaceOrientationLandscapeRight";
				LD_RUNPATH_SEARCH_PATHS = (
					"$(inherited)",
					"@executable_path/Frameworks",
				);
				MARKETING_VERSION = 1.0;
				PRODUCT_BUNDLE_IDENTIFIER = okue.PageViewController5;
				PRODUCT_NAME = "$(TARGET_NAME)";
				SUPPORTED_PLATFORMS = "iphoneos iphonesimulator";
				SUPPORTS_MACCATALYST = NO;
				SUPPORTS_MAC_DESIGNED_FOR_IPHONE_IPAD = NO;
				SUPPORTS_XR_DESIGNED_FOR_IPHONE_IPAD = NO;
				SWIFT_EMIT_LOC_STRINGS = YES;
				SWIFT_VERSION = 5.0;
				TARGETED_DEVICE_FAMILY = 1;
			};
			name = Release;
		};
		3C6F3EC82C06B1B800780F8F /* Debug */ = {
			isa = XCBuildConfiguration;
			buildSettings = {
				ALWAYS_EMBED_SWIFT_STANDARD_LIBRARIES = YES;
				BUNDLE_LOADER = "$(TEST_HOST)";
				CODE_SIGN_STYLE = Automatic;
				CURRENT_PROJECT_VERSION = 1;
				DEVELOPMENT_TEAM = 5BR9PKVDZT;
				GENERATE_INFOPLIST_FILE = YES;
				IPHONEOS_DEPLOYMENT_TARGET = 17.2;
				MARKETING_VERSION = 1.0;
				PRODUCT_BUNDLE_IDENTIFIER = okue.PageViewController5Tests;
				PRODUCT_NAME = "$(TARGET_NAME)";
				SWIFT_EMIT_LOC_STRINGS = NO;
				SWIFT_VERSION = 5.0;
				TARGETED_DEVICE_FAMILY = "1,2";
				TEST_HOST = "$(BUILT_PRODUCTS_DIR)/PageViewController5.app/$(BUNDLE_EXECUTABLE_FOLDER_PATH)/PageViewController5";
			};
			name = Debug;
		};
		3C6F3EC92C06B1B800780F8F /* Release */ = {
			isa = XCBuildConfiguration;
			buildSettings = {
				ALWAYS_EMBED_SWIFT_STANDARD_LIBRARIES = YES;
				BUNDLE_LOADER = "$(TEST_HOST)";
				CODE_SIGN_STYLE = Automatic;
				CURRENT_PROJECT_VERSION = 1;
				DEVELOPMENT_TEAM = 5BR9PKVDZT;
				GENERATE_INFOPLIST_FILE = YES;
				IPHONEOS_DEPLOYMENT_TARGET = 17.2;
				MARKETING_VERSION = 1.0;
				PRODUCT_BUNDLE_IDENTIFIER = okue.PageViewController5Tests;
				PRODUCT_NAME = "$(TARGET_NAME)";
				SWIFT_EMIT_LOC_STRINGS = NO;
				SWIFT_VERSION = 5.0;
				TARGETED_DEVICE_FAMILY = "1,2";
				TEST_HOST = "$(BUILT_PRODUCTS_DIR)/PageViewController5.app/$(BUNDLE_EXECUTABLE_FOLDER_PATH)/PageViewController5";
			};
			name = Release;
		};
		3C6F3ECB2C06B1B800780F8F /* Debug */ = {
			isa = XCBuildConfiguration;
			buildSettings = {
				ALWAYS_EMBED_SWIFT_STANDARD_LIBRARIES = YES;
				CODE_SIGN_STYLE = Automatic;
				CURRENT_PROJECT_VERSION = 1;
				DEVELOPMENT_TEAM = 5BR9PKVDZT;
				GENERATE_INFOPLIST_FILE = YES;
				MARKETING_VERSION = 1.0;
				PRODUCT_BUNDLE_IDENTIFIER = okue.PageViewController5UITests;
				PRODUCT_NAME = "$(TARGET_NAME)";
				SWIFT_EMIT_LOC_STRINGS = NO;
				SWIFT_VERSION = 5.0;
				TARGETED_DEVICE_FAMILY = "1,2";
				TEST_TARGET_NAME = PageViewController5;
			};
			name = Debug;
		};
		3C6F3ECC2C06B1B800780F8F /* Release */ = {
			isa = XCBuildConfiguration;
			buildSettings = {
				ALWAYS_EMBED_SWIFT_STANDARD_LIBRARIES = YES;
				CODE_SIGN_STYLE = Automatic;
				CURRENT_PROJECT_VERSION = 1;
				DEVELOPMENT_TEAM = 5BR9PKVDZT;
				GENERATE_INFOPLIST_FILE = YES;
				MARKETING_VERSION = 1.0;
				PRODUCT_BUNDLE_IDENTIFIER = okue.PageViewController5UITests;
				PRODUCT_NAME = "$(TARGET_NAME)";
				SWIFT_EMIT_LOC_STRINGS = NO;
				SWIFT_VERSION = 5.0;
				TARGETED_DEVICE_FAMILY = "1,2";
				TEST_TARGET_NAME = PageViewController5;
			};
			name = Release;
		};
/* End XCBuildConfiguration section */

/* Begin XCConfigurationList section */
		3C6F3E952C06B1B600780F8F /* Build configuration list for PBXProject "PageViewController5" */ = {
			isa = XCConfigurationList;
			buildConfigurations = (
				3C6F3EC22C06B1B800780F8F /* Debug */,
				3C6F3EC32C06B1B800780F8F /* Release */,
			);
			defaultConfigurationIsVisible = 0;
			defaultConfigurationName = Release;
		};
		3C6F3EC42C06B1B800780F8F /* Build configuration list for PBXNativeTarget "PageViewController5" */ = {
			isa = XCConfigurationList;
			buildConfigurations = (
				3C6F3EC52C06B1B800780F8F /* Debug */,
				3C6F3EC62C06B1B800780F8F /* Release */,
			);
			defaultConfigurationIsVisible = 0;
			defaultConfigurationName = Release;
		};
		3C6F3EC72C06B1B800780F8F /* Build configuration list for PBXNativeTarget "PageViewController5Tests" */ = {
			isa = XCConfigurationList;
			buildConfigurations = (
				3C6F3EC82C06B1B800780F8F /* Debug */,
				3C6F3EC92C06B1B800780F8F /* Release */,
			);
			defaultConfigurationIsVisible = 0;
			defaultConfigurationName = Release;
		};
		3C6F3ECA2C06B1B800780F8F /* Build configuration list for PBXNativeTarget "PageViewController5UITests" */ = {
			isa = XCConfigurationList;
			buildConfigurations = (
				3C6F3ECB2C06B1B800780F8F /* Debug */,
				3C6F3ECC2C06B1B800780F8F /* Release */,
			);
			defaultConfigurationIsVisible = 0;
			defaultConfigurationName = Release;
		};
/* End XCConfigurationList section */
	};
	rootObject = 3C6F3E922C06B1B600780F8F /* Project object */;
}
